
Microsoft Visual Studio Solution File, Format Version 12.00
# Visual Studio Version 16
VisualStudioVersion = 25.0.1700.2
MinimumVisualStudioVersion = 10.0.40219.1
Project("{FAE04EC0-301F-11D3-BF4B-00C04F79EFBC}") = "EzioandGuards", "Practice\EzioandGuards.csproj", "{940D388B-A973-4964-864C-7A93DEC9A5CA}"
EndProject
Project("{FAE04EC0-301F-11D3-BF4B-00C04F79EFBC}") = "Cred", "Credit\Cred.csproj", "{5D8F1661-77E2-4849-B4DB-51A7566EDE4C}"
EndProject
Project("{FAE04EC0-301F-11D3-BF4B-00C04F79EFBC}") = "INTEST", "INTEST\INTEST.csproj", "{438E61DB-E24F-4ABE-BC45-1861938C5218}"
EndProject
Project("{FAE04EC0-301F-11D3-BF4B-00C04F79EFBC}") = "CourseReg", "CourseReg\CourseReg.csproj", "{A57FD987-1A44-4DBF-BD83-4E71B37346BF}"
EndProject
Project("{FAE04EC0-301F-11D3-BF4B-00C04F79EFBC}") = "INCRIQ", "INCRIQ\INCRIQ.csproj", "{EA323CFA-FE2C-4AF8-B5DD-22A3EC3621C3}"
EndProject
Global
	GlobalSection(SolutionConfigurationPlatforms) = preSolution
		Debug|Any CPU = Debug|Any CPU
		Release|Any CPU = Release|Any CPU
	EndGlobalSection
	GlobalSection(ProjectConfigurationPlatforms) = postSolution
		{940D388B-A973-4964-864C-7A93DEC9A5CA}.Debug|Any CPU.ActiveCfg = Debug|Any CPU
		{940D388B-A973-4964-864C-7A93DEC9A5CA}.Debug|Any CPU.Build.0 = Debug|Any CPU
		{940D388B-A973-4964-864C-7A93DEC9A5CA}.Release|Any CPU.ActiveCfg = Release|Any CPU
		{940D388B-A973-4964-864C-7A93DEC9A5CA}.Release|Any CPU.Build.0 = Release|Any CPU
		{5D8F1661-77E2-4849-B4DB-51A7566EDE4C}.Debug|Any CPU.ActiveCfg = Debug|Any CPU
		{5D8F1661-77E2-4849-B4DB-51A7566EDE4C}.Debug|Any CPU.Build.0 = Debug|Any CPU
		{5D8F1661-77E2-4849-B4DB-51A7566EDE4C}.Release|Any CPU.ActiveCfg = Release|Any CPU
		{5D8F1661-77E2-4849-B4DB-51A7566EDE4C}.Release|Any CPU.Build.0 = Release|Any CPU
		{438E61DB-E24F-4ABE-BC45-1861938C5218}.Debug|Any CPU.ActiveCfg = Debug|Any CPU
		{438E61DB-E24F-4ABE-BC45-1861938C5218}.Debug|Any CPU.Build.0 = Debug|Any CPU
		{438E61DB-E24F-4ABE-BC45-1861938C5218}.Release|Any CPU.ActiveCfg = Release|Any CPU
		{438E61DB-E24F-4ABE-BC45-1861938C5218}.Release|Any CPU.Build.0 = Release|Any CPU
		{A57FD987-1A44-4DBF-BD83-4E71B37346BF}.Debug|Any CPU.ActiveCfg = Debug|Any CPU
		{A57FD987-1A44-4DBF-BD83-4E71B37346BF}.Debug|Any CPU.Build.0 = Debug|Any CPU
		{A57FD987-1A44-4DBF-BD83-4E71B37346BF}.Release|Any CPU.ActiveCfg = Release|Any CPU
		{A57FD987-1A44-4DBF-BD83-4E71B37346BF}.Release|Any CPU.Build.0 = Release|Any CPU
		{EA323CFA-FE2C-4AF8-B5DD-22A3EC3621C3}.Debug|Any CPU.ActiveCfg = Debug|Any CPU
		{EA323CFA-FE2C-4AF8-B5DD-22A3EC3621C3}.Debug|Any CPU.Build.0 = Debug|Any CPU
		{EA323CFA-FE2C-4AF8-B5DD-22A3EC3621C3}.Release|Any CPU.ActiveCfg = Release|Any CPU
		{EA323CFA-FE2C-4AF8-B5DD-22A3EC3621C3}.Release|Any CPU.Build.0 = Release|Any CPU
	EndGlobalSection
	GlobalSection(SolutionProperties) = preSolution
		HideSolutionNode = FALSE
	EndGlobalSection
	GlobalSection(ExtensibilityGlobals) = postSolution
		SolutionGuid = {3229C01E-D70F-439A-83AC-C3F483781CAD}
	EndGlobalSection
EndGlobal
