
Microsoft Visual Studio Solution File, Format Version 12.00
# Visual Studio Version 16
VisualStudioVersion = 25.0.1700.2
MinimumVisualStudioVersion = 10.0.40219.1
Project("{FAE04EC0-301F-11D3-BF4B-00C04F79EFBC}") = "EzioandGuards", "Practice\EzioandGuards.csproj", "{940D388B-A973-4964-864C-7A93DEC9A5CA}"
EndProject
Project("{FAE04EC0-301F-11D3-BF4B-00C04F79EFBC}") = "Cred", "Credit\Cred.csproj", "{5D8F1661-77E2-4849-B4DB-51A7566EDE4C}"
EndProject
Project("{FAE04EC0-301F-11D3-BF4B-00C04F79EFBC}") = "INTEST", "INTEST\INTEST.csproj", "{438E61DB-E24F-4ABE-BC45-1861938C5218}"
EndProject
Project("{FAE04EC0-301F-11D3-BF4B-00C04F79EFBC}") = "CourseReg", "CourseReg\CourseReg.csproj", "{A57FD987-1A44-4DBF-BD83-4E71B37346BF}"
EndProject
Project("{FAE04EC0-301F-11D3-BF4B-00C04F79EFBC}") = "INCRIQ", "INCRIQ\INCRIQ.csproj", "{EA323CFA-FE2C-4AF8-B5DD-22A3EC3621C3}"
EndProject
Project("{FAE04EC0-301F-11D3-BF4B-00C04F79EFBC}") = "Triangle-pattern", "Triangle-pattern\Triangle-pattern.csproj", "{76F6A854-1765-4EDB-B7A4-10E8880499D7}"
EndProject
Project("{FAE04EC0-301F-11D3-BF4B-00C04F79EFBC}") = "OddEven-number", "OddEven-number\OddEven-number.csproj", "{35B12F3E-2F66-4C20-A122-A6F1E5165B72}"
EndProject
Project("{FAE04EC0-301F-11D3-BF4B-00C04F79EFBC}") = "BATTERYLOW", "BATTERYLOW\BATTERYLOW.csproj", "{5548E720-C290-4CCC-A396-24C8A402C884}"
EndProject
Project("{FAE04EC0-301F-11D3-BF4B-00C04F79EFBC}") = "2Cab", "2Cab\2Cab.csproj", "{6A08A948-C9E1-403D-8AD4-D4CEA9737310}"
EndProject
Project("{FAE04EC0-301F-11D3-BF4B-00C04F79EFBC}") = "ATM", "ATM\ATM.csproj", "{C0C73FF1-C994-47B3-A629-3A121FC29A4D}"
EndProject
Project("{FAE04EC0-301F-11D3-BF4B-00C04F79EFBC}") = "Volume", "Volume\Volume.csproj", "{15D03C0C-15C3-4575-9E99-427019BFE08F}"
EndProject
Project("{FAE04EC0-301F-11D3-BF4B-00C04F79EFBC}") = "F1RULE", "F1RULE\F1RULE.csproj", "{EA3BF87A-69BB-468E-96C0-754732AA28B8}"
EndProject
Project("{FAE04EC0-301F-11D3-BF4B-00C04F79EFBC}") = "Mahasena", "Mahasena\Mahasena.csproj", "{CBA0D141-7341-4C90-A65F-FA7DFE075B7D}"
EndProject
Project("{FAE04EC0-301F-11D3-BF4B-00C04F79EFBC}") = "TRUESCORE", "TRUESCORE\TRUESCORE.csproj", "{F3D43988-C995-4665-ACF3-12A5FEC1386C}"
EndProject
Project("{FAE04EC0-301F-11D3-BF4B-00C04F79EFBC}") = "THREETOPICS", "THREETOPICS\THREETOPICS.csproj", "{9D54992C-354F-456C-8CA8-BA3E81F5D216}"
EndProject
Project("{FAE04EC0-301F-11D3-BF4B-00C04F79EFBC}") = "DiscusThrow", "DiscusThrow\DiscusThrow.csproj", "{355A4B17-1377-4C30-BEA3-1B16AC162C01}"
EndProject
Project("{FAE04EC0-301F-11D3-BF4B-00C04F79EFBC}") = "FINDSHOES", "FINDSHOES\FINDSHOES.csproj", "{06B42749-DCEF-457D-8296-3B597837193C}"
EndProject
Project("{FAE04EC0-301F-11D3-BF4B-00C04F79EFBC}") = "Chef-and-WaterBottles", "Chef-and-WaterBottles\Chef-and-WaterBottles.csproj", "{868A4024-F7C2-4E2C-9633-A51225B86AAA}"
EndProject
Project("{FAE04EC0-301F-11D3-BF4B-00C04F79EFBC}") = "Finding-Square-Roots", "Finding-Square-Roots\Finding-Square-Roots.csproj", "{C10F00BB-ED3F-4C6F-8554-27FC51B73B29}"
EndProject
Project("{FAE04EC0-301F-11D3-BF4B-00C04F79EFBC}") = "Chessboard-Distance", "Chessboard-Distance\Chessboard-Distance.csproj", "{781CE797-F13F-4F4C-AD53-BC58723C821D}"
EndProject
Project("{FAE04EC0-301F-11D3-BF4B-00C04F79EFBC}") = "CupFinals", "CupFinals\CupFinals.csproj", "{C9C7A663-55BC-441B-9826-BB1F56736A55}"
EndProject
Project("{FAE04EC0-301F-11D3-BF4B-00C04F79EFBC}") = "Self-Defence-Training", "Self-Defence-Training\Self-Defence-Training.csproj", "{05CC1748-9B7F-4273-8A51-C385A3C0190E}"
EndProject
Project("{FAE04EC0-301F-11D3-BF4B-00C04F79EFBC}") = "Important-Pages-on-CodeChef", "Important-Pages-on-CodeChef\Important-Pages-on-CodeChef.csproj", "{CA94AC9E-FAC1-4D01-B1A1-286739F6A30C}"
EndProject
Project("{FAE04EC0-301F-11D3-BF4B-00C04F79EFBC}") = "Decrement-OR-Increment", "Decrement-OR-Increment\Decrement-OR-Increment.csproj", "{18CF5797-B37B-4B3C-96A1-9E341DC945BB}"
EndProject
Project("{FAE04EC0-301F-11D3-BF4B-00C04F79EFBC}") = "Second-Largest", "Second-Largest\Second-Largest.csproj", "{2B9ECD95-4490-4A90-964B-731F4229C60E}"
EndProject
Project("{FAE04EC0-301F-11D3-BF4B-00C04F79EFBC}") = "PASSORFAIL", "PASSORFAIL\PASSORFAIL.csproj", "{37F96CBF-3B5F-4F35-BABE-F0ECEA319D30}"
EndProject
Project("{FAE04EC0-301F-11D3-BF4B-00C04F79EFBC}") = "Chef-and-Races", "Chef-and-Races\Chef-and-Races.csproj", "{99A60AB8-D194-4321-AEF9-CCEE5E60DC96}"
EndProject
Project("{FAE04EC0-301F-11D3-BF4B-00C04F79EFBC}") = "Sum-OR-Difference", "Sum-OR-Difference\Sum-OR-Difference.csproj", "{CC1F0A6D-3F53-477E-B626-4F922D8D6D4B}"
EndProject
Project("{FAE04EC0-301F-11D3-BF4B-00C04F79EFBC}") = "Small-Factorial", "Small-Factorial\Small-Factorial.csproj", "{75E8FB72-6A67-4283-9D3F-147161D4582B}"
EndProject
Project("{FAE04EC0-301F-11D3-BF4B-00C04F79EFBC}") = "Janmansh-and-Games", "Janmansh-and-Games\Janmansh-and-Games.csproj", "{B1C1D5E2-156F-435A-8D76-4683213E73C1}"
EndProject
Project("{FAE04EC0-301F-11D3-BF4B-00C04F79EFBC}") = "Helping-Chef", "Helping-Chef\Helping-Chef.csproj", "{D448D088-FF5C-4D4B-941E-895A386EF622}"
EndProject
Project("{FAE04EC0-301F-11D3-BF4B-00C04F79EFBC}") = "TEST", "TEST\TEST.csproj", "{5A452B75-D903-48A1-848E-F2E7CE866727}"
EndProject
Project("{FAE04EC0-301F-11D3-BF4B-00C04F79EFBC}") = "Economics-Class", "Economics-Class\Economics-Class.csproj", "{0FA33702-156C-4C1B-B82C-B307015BBDF4}"
EndProject
Project("{FAE04EC0-301F-11D3-BF4B-00C04F79EFBC}") = "RCB-and-Playoffs", "RCB-and-Playoffs\RCB-and-Playoffs.csproj", "{7CFAC949-B33C-4ACD-BDC5-279FBEF9ED89}"
EndProject
Project("{FAE04EC0-301F-11D3-BF4B-00C04F79EFBC}") = "The-Lead-Game", "The-Lead-Game\The-Lead-Game.csproj", "{2ADC6C77-D532-459C-B6D2-0E2F240103D4}"
EndProject
Project("{FAE04EC0-301F-11D3-BF4B-00C04F79EFBC}") = "Lazy-Chef", "Lazy-Chef\Lazy-Chef.csproj", "{D2FEA6D1-525E-47DD-BDB2-F0A1F67B02CD}"
EndProject
Project("{FAE04EC0-301F-11D3-BF4B-00C04F79EFBC}") = "Hardest-Problem-Bet", "Hardest-Problem-Bet\Hardest-Problem-Bet.csproj", "{958EA734-55BC-407D-89EA-9F312C0AD303}"
EndProject
Project("{FAE04EC0-301F-11D3-BF4B-00C04F79EFBC}") = "Wordle", "Wordle\Wordle.csproj", "{A57080DE-D15A-4CD1-9CC3-D3F8F3BEF8C6}"
EndProject
Project("{FAE04EC0-301F-11D3-BF4B-00C04F79EFBC}") = "Complete-the-credits", "Complete-the-credits\Complete-the-credits.csproj", "{A7E61AC8-D239-47FF-B3A8-EBC2CC723FC0}"
EndProject
Project("{FAE04EC0-301F-11D3-BF4B-00C04F79EFBC}") = "Gross-Salary", "Gross-Salary\Gross-Salary.csproj", "{48F42187-5E64-4D54-8D1A-0546F5BDFEAA}"
EndProject
Project("{FAE04EC0-301F-11D3-BF4B-00C04F79EFBC}") = "The-Preparations", "The-Preparations\The-Preparations.csproj", "{C4665684-A3CB-4B82-AA1D-62443AE2911A}"
EndProject
Project("{FAE04EC0-301F-11D3-BF4B-00C04F79EFBC}") = "Genes", "Genes\Genes.csproj", "{EE6AB95E-283C-43E9-9103-7513F1E17E3C}"
EndProject
Project("{FAE04EC0-301F-11D3-BF4B-00C04F79EFBC}") = "LifeExpactency", "LifeExpactency\LifeExpactency.csproj", "{1091E045-0115-45E1-8C45-3ABA68B5C7E2}"
EndProject
Project("{FAE04EC0-301F-11D3-BF4B-00C04F79EFBC}") = "Good-Weather", "Good-Weather\Good-Weather.csproj", "{084E3960-0072-4FC5-952A-CD015C8719A5}"
EndProject
Project("{FAE04EC0-301F-11D3-BF4B-00C04F79EFBC}") = "Grade-The-Steel", "Grade-The-Steel\Grade-The-Steel.csproj", "{F5627FF5-A19B-444E-AE5B-562BD317B8DA}"
EndProject
Project("{FAE04EC0-301F-11D3-BF4B-00C04F79EFBC}") = "Is-it-a-VOWELorCONSONANT", "Is-it-a-VOWELorCONSONANT\Is-it-a-VOWELorCONSONANT.csproj", "{77BFD9A2-C0DF-4EAC-A38C-B4BF9221BA32}"
EndProject
Project("{FAE04EC0-301F-11D3-BF4B-00C04F79EFBC}") = "Which-Mixture", "Which-Mixture\Which-Mixture.csproj", "{2638F80D-39B0-44A0-984B-E90F87162931}"
EndProject
Project("{FAE04EC0-301F-11D3-BF4B-00C04F79EFBC}") = "Chess-Format", "Chess-Format\Chess-Format.csproj", "{D255345F-8412-468A-A209-D35ADFCD9C04}"
EndProject
Project("{FAE04EC0-301F-11D3-BF4B-00C04F79EFBC}") = "Body-Mass-Index", "Body-Mass-Index\Body-Mass-Index.csproj", "{BB1F27FA-2339-4279-BE5A-07310D6FA6E7}"
EndProject
Project("{FAE04EC0-301F-11D3-BF4B-00C04F79EFBC}") = "Id-and-Ship", "Id-and-Ship\Id-and-Ship.csproj", "{BBF498C9-6A8E-43A8-A329-189A79ECA0A8}"
EndProject
Project("{FAE04EC0-301F-11D3-BF4B-00C04F79EFBC}") = "Find-duplicate-char", "Find-duplicate-char\Find-duplicate-char.csproj", "{55EB689A-E7EC-4D9F-A5BF-23469293CBD5}"
EndProject
Project("{FAE04EC0-301F-11D3-BF4B-00C04F79EFBC}") = "Chef-and-Vacation-Transportation", "Chef-and-Vacation-Transportation\Chef-and-Vacation-Transportation.csproj", "{1692CD31-72AF-4446-852A-F1A83D7E64E1}"
EndProject
Project("{FAE04EC0-301F-11D3-BF4B-00C04F79EFBC}") = "Chefland-Visa", "Chefland-Visa\Chefland-Visa.csproj", "{D5FBD219-102A-4D00-B2CB-6A4D7F919C79}"
EndProject
Project("{FAE04EC0-301F-11D3-BF4B-00C04F79EFBC}") = "Devendra-and-WaterSports", "Devendra-and-WaterSports\Devendra-and-WaterSports.csproj", "{591CF975-7687-4413-80BF-6D8CE3545195}"
EndProject
Project("{FAE04EC0-301F-11D3-BF4B-00C04F79EFBC}") = "Problem-Category", "Problem-Category\Problem-Category.csproj", "{9A88D6BE-62F7-4E48-B47C-A515B28C5FD3}"
EndProject
Project("{FAE04EC0-301F-11D3-BF4B-00C04F79EFBC}") = "Car-Choice", "Car-Choice\Car-Choice.csproj", "{64F59C54-1A3B-4470-A834-1A2F3F406800}"
EndProject
Project("{FAE04EC0-301F-11D3-BF4B-00C04F79EFBC}") = "Total-Expenses", "Total-Expenses\Total-Expenses.csproj", "{D7181378-2E35-46EB-BDA8-627FFD0A0B55}"
EndProject
Project("{FAE04EC0-301F-11D3-BF4B-00C04F79EFBC}") = "odd-even-game", "odd-even-game\odd-even-game.csproj", "{2D6D6056-BFF0-46D6-AD00-7D8F7D8226E4}"
EndProject
Project("{FAE04EC0-301F-11D3-BF4B-00C04F79EFBC}") = "Chef-and-Contest", "Chef-and-Contest\Chef-and-Contest.csproj", "{EAD62D08-9AD1-4717-97EA-03F283829286}"
EndProject
Project("{FAE04EC0-301F-11D3-BF4B-00C04F79EFBC}") = "DrunkAlcoholic", "DrunkAlcoholic\DrunkAlcoholic.csproj", "{AF2D0B91-5D46-4CBA-8D10-5D355A1A02CA}"
EndProject
Project("{FAE04EC0-301F-11D3-BF4B-00C04F79EFBC}") = "Chef-On-Island", "Chef-On-Island\Chef-On-Island.csproj", "{7FEBB066-A085-4737-9F54-EFD633362327}"
EndProject
Project("{FAE04EC0-301F-11D3-BF4B-00C04F79EFBC}") = "Olympics-Ranking", "Olympics-Ranking\Olympics-Ranking.csproj", "{7765CED6-5F86-4857-838F-92B32F08FFAB}"
EndProject
Project("{FAE04EC0-301F-11D3-BF4B-00C04F79EFBC}") = "Passes-for-Fair", "Passes-for-Fair\Passes-for-Fair.csproj", "{D15DE2D9-2BFA-444B-B9AB-BF903EE0888C}"
EndProject
Project("{FAE04EC0-301F-11D3-BF4B-00C04F79EFBC}") = "Interior-Design", "Interior-Design\Interior-Design.csproj", "{26CBF2A1-CCB2-4D48-BEAB-00AE972AFEB7}"
EndProject
Project("{FAE04EC0-301F-11D3-BF4B-00C04F79EFBC}") = "True-and-False-Paper", "True-and-False-Paper\True-and-False-Paper.csproj", "{21EF7552-DFD5-4435-B284-B6AEF29A4A70}"
EndProject
Global
	GlobalSection(SolutionConfigurationPlatforms) = preSolution
		Debug|Any CPU = Debug|Any CPU
		Release|Any CPU = Release|Any CPU
	EndGlobalSection
	GlobalSection(ProjectConfigurationPlatforms) = postSolution
		{940D388B-A973-4964-864C-7A93DEC9A5CA}.Debug|Any CPU.ActiveCfg = Debug|Any CPU
		{940D388B-A973-4964-864C-7A93DEC9A5CA}.Debug|Any CPU.Build.0 = Debug|Any CPU
		{940D388B-A973-4964-864C-7A93DEC9A5CA}.Release|Any CPU.ActiveCfg = Release|Any CPU
		{940D388B-A973-4964-864C-7A93DEC9A5CA}.Release|Any CPU.Build.0 = Release|Any CPU
		{5D8F1661-77E2-4849-B4DB-51A7566EDE4C}.Debug|Any CPU.ActiveCfg = Debug|Any CPU
		{5D8F1661-77E2-4849-B4DB-51A7566EDE4C}.Debug|Any CPU.Build.0 = Debug|Any CPU
		{5D8F1661-77E2-4849-B4DB-51A7566EDE4C}.Release|Any CPU.ActiveCfg = Release|Any CPU
		{5D8F1661-77E2-4849-B4DB-51A7566EDE4C}.Release|Any CPU.Build.0 = Release|Any CPU
		{438E61DB-E24F-4ABE-BC45-1861938C5218}.Debug|Any CPU.ActiveCfg = Debug|Any CPU
		{438E61DB-E24F-4ABE-BC45-1861938C5218}.Debug|Any CPU.Build.0 = Debug|Any CPU
		{438E61DB-E24F-4ABE-BC45-1861938C5218}.Release|Any CPU.ActiveCfg = Release|Any CPU
		{438E61DB-E24F-4ABE-BC45-1861938C5218}.Release|Any CPU.Build.0 = Release|Any CPU
		{A57FD987-1A44-4DBF-BD83-4E71B37346BF}.Debug|Any CPU.ActiveCfg = Debug|Any CPU
		{A57FD987-1A44-4DBF-BD83-4E71B37346BF}.Debug|Any CPU.Build.0 = Debug|Any CPU
		{A57FD987-1A44-4DBF-BD83-4E71B37346BF}.Release|Any CPU.ActiveCfg = Release|Any CPU
		{A57FD987-1A44-4DBF-BD83-4E71B37346BF}.Release|Any CPU.Build.0 = Release|Any CPU
		{EA323CFA-FE2C-4AF8-B5DD-22A3EC3621C3}.Debug|Any CPU.ActiveCfg = Debug|Any CPU
		{EA323CFA-FE2C-4AF8-B5DD-22A3EC3621C3}.Debug|Any CPU.Build.0 = Debug|Any CPU
		{EA323CFA-FE2C-4AF8-B5DD-22A3EC3621C3}.Release|Any CPU.ActiveCfg = Release|Any CPU
		{EA323CFA-FE2C-4AF8-B5DD-22A3EC3621C3}.Release|Any CPU.Build.0 = Release|Any CPU
		{76F6A854-1765-4EDB-B7A4-10E8880499D7}.Debug|Any CPU.ActiveCfg = Debug|Any CPU
		{76F6A854-1765-4EDB-B7A4-10E8880499D7}.Debug|Any CPU.Build.0 = Debug|Any CPU
		{76F6A854-1765-4EDB-B7A4-10E8880499D7}.Release|Any CPU.ActiveCfg = Release|Any CPU
		{76F6A854-1765-4EDB-B7A4-10E8880499D7}.Release|Any CPU.Build.0 = Release|Any CPU
		{35B12F3E-2F66-4C20-A122-A6F1E5165B72}.Debug|Any CPU.ActiveCfg = Debug|Any CPU
		{35B12F3E-2F66-4C20-A122-A6F1E5165B72}.Debug|Any CPU.Build.0 = Debug|Any CPU
		{35B12F3E-2F66-4C20-A122-A6F1E5165B72}.Release|Any CPU.ActiveCfg = Release|Any CPU
		{35B12F3E-2F66-4C20-A122-A6F1E5165B72}.Release|Any CPU.Build.0 = Release|Any CPU
		{5548E720-C290-4CCC-A396-24C8A402C884}.Debug|Any CPU.ActiveCfg = Debug|Any CPU
		{5548E720-C290-4CCC-A396-24C8A402C884}.Debug|Any CPU.Build.0 = Debug|Any CPU
		{5548E720-C290-4CCC-A396-24C8A402C884}.Release|Any CPU.ActiveCfg = Release|Any CPU
		{5548E720-C290-4CCC-A396-24C8A402C884}.Release|Any CPU.Build.0 = Release|Any CPU
		{6A08A948-C9E1-403D-8AD4-D4CEA9737310}.Debug|Any CPU.ActiveCfg = Debug|Any CPU
		{6A08A948-C9E1-403D-8AD4-D4CEA9737310}.Debug|Any CPU.Build.0 = Debug|Any CPU
		{6A08A948-C9E1-403D-8AD4-D4CEA9737310}.Release|Any CPU.ActiveCfg = Release|Any CPU
		{6A08A948-C9E1-403D-8AD4-D4CEA9737310}.Release|Any CPU.Build.0 = Release|Any CPU
		{C0C73FF1-C994-47B3-A629-3A121FC29A4D}.Debug|Any CPU.ActiveCfg = Debug|Any CPU
		{C0C73FF1-C994-47B3-A629-3A121FC29A4D}.Debug|Any CPU.Build.0 = Debug|Any CPU
		{C0C73FF1-C994-47B3-A629-3A121FC29A4D}.Release|Any CPU.ActiveCfg = Release|Any CPU
		{C0C73FF1-C994-47B3-A629-3A121FC29A4D}.Release|Any CPU.Build.0 = Release|Any CPU
		{15D03C0C-15C3-4575-9E99-427019BFE08F}.Debug|Any CPU.ActiveCfg = Debug|Any CPU
		{15D03C0C-15C3-4575-9E99-427019BFE08F}.Debug|Any CPU.Build.0 = Debug|Any CPU
		{15D03C0C-15C3-4575-9E99-427019BFE08F}.Release|Any CPU.ActiveCfg = Release|Any CPU
		{15D03C0C-15C3-4575-9E99-427019BFE08F}.Release|Any CPU.Build.0 = Release|Any CPU
		{EA3BF87A-69BB-468E-96C0-754732AA28B8}.Debug|Any CPU.ActiveCfg = Debug|Any CPU
		{EA3BF87A-69BB-468E-96C0-754732AA28B8}.Debug|Any CPU.Build.0 = Debug|Any CPU
		{EA3BF87A-69BB-468E-96C0-754732AA28B8}.Release|Any CPU.ActiveCfg = Release|Any CPU
		{EA3BF87A-69BB-468E-96C0-754732AA28B8}.Release|Any CPU.Build.0 = Release|Any CPU
		{CBA0D141-7341-4C90-A65F-FA7DFE075B7D}.Debug|Any CPU.ActiveCfg = Debug|Any CPU
		{CBA0D141-7341-4C90-A65F-FA7DFE075B7D}.Debug|Any CPU.Build.0 = Debug|Any CPU
		{CBA0D141-7341-4C90-A65F-FA7DFE075B7D}.Release|Any CPU.ActiveCfg = Release|Any CPU
		{CBA0D141-7341-4C90-A65F-FA7DFE075B7D}.Release|Any CPU.Build.0 = Release|Any CPU
		{F3D43988-C995-4665-ACF3-12A5FEC1386C}.Debug|Any CPU.ActiveCfg = Debug|Any CPU
		{F3D43988-C995-4665-ACF3-12A5FEC1386C}.Debug|Any CPU.Build.0 = Debug|Any CPU
		{F3D43988-C995-4665-ACF3-12A5FEC1386C}.Release|Any CPU.ActiveCfg = Release|Any CPU
		{F3D43988-C995-4665-ACF3-12A5FEC1386C}.Release|Any CPU.Build.0 = Release|Any CPU
		{9D54992C-354F-456C-8CA8-BA3E81F5D216}.Debug|Any CPU.ActiveCfg = Debug|Any CPU
		{9D54992C-354F-456C-8CA8-BA3E81F5D216}.Debug|Any CPU.Build.0 = Debug|Any CPU
		{9D54992C-354F-456C-8CA8-BA3E81F5D216}.Release|Any CPU.ActiveCfg = Release|Any CPU
		{9D54992C-354F-456C-8CA8-BA3E81F5D216}.Release|Any CPU.Build.0 = Release|Any CPU
		{355A4B17-1377-4C30-BEA3-1B16AC162C01}.Debug|Any CPU.ActiveCfg = Debug|Any CPU
		{355A4B17-1377-4C30-BEA3-1B16AC162C01}.Debug|Any CPU.Build.0 = Debug|Any CPU
		{355A4B17-1377-4C30-BEA3-1B16AC162C01}.Release|Any CPU.ActiveCfg = Release|Any CPU
		{355A4B17-1377-4C30-BEA3-1B16AC162C01}.Release|Any CPU.Build.0 = Release|Any CPU
		{06B42749-DCEF-457D-8296-3B597837193C}.Debug|Any CPU.ActiveCfg = Debug|Any CPU
		{06B42749-DCEF-457D-8296-3B597837193C}.Debug|Any CPU.Build.0 = Debug|Any CPU
		{06B42749-DCEF-457D-8296-3B597837193C}.Release|Any CPU.ActiveCfg = Release|Any CPU
		{06B42749-DCEF-457D-8296-3B597837193C}.Release|Any CPU.Build.0 = Release|Any CPU
		{868A4024-F7C2-4E2C-9633-A51225B86AAA}.Debug|Any CPU.ActiveCfg = Debug|Any CPU
		{868A4024-F7C2-4E2C-9633-A51225B86AAA}.Debug|Any CPU.Build.0 = Debug|Any CPU
		{868A4024-F7C2-4E2C-9633-A51225B86AAA}.Release|Any CPU.ActiveCfg = Release|Any CPU
		{868A4024-F7C2-4E2C-9633-A51225B86AAA}.Release|Any CPU.Build.0 = Release|Any CPU
		{C10F00BB-ED3F-4C6F-8554-27FC51B73B29}.Debug|Any CPU.ActiveCfg = Debug|Any CPU
		{C10F00BB-ED3F-4C6F-8554-27FC51B73B29}.Debug|Any CPU.Build.0 = Debug|Any CPU
		{C10F00BB-ED3F-4C6F-8554-27FC51B73B29}.Release|Any CPU.ActiveCfg = Release|Any CPU
		{C10F00BB-ED3F-4C6F-8554-27FC51B73B29}.Release|Any CPU.Build.0 = Release|Any CPU
		{781CE797-F13F-4F4C-AD53-BC58723C821D}.Debug|Any CPU.ActiveCfg = Debug|Any CPU
		{781CE797-F13F-4F4C-AD53-BC58723C821D}.Debug|Any CPU.Build.0 = Debug|Any CPU
		{781CE797-F13F-4F4C-AD53-BC58723C821D}.Release|Any CPU.ActiveCfg = Release|Any CPU
		{781CE797-F13F-4F4C-AD53-BC58723C821D}.Release|Any CPU.Build.0 = Release|Any CPU
		{C9C7A663-55BC-441B-9826-BB1F56736A55}.Debug|Any CPU.ActiveCfg = Debug|Any CPU
		{C9C7A663-55BC-441B-9826-BB1F56736A55}.Debug|Any CPU.Build.0 = Debug|Any CPU
		{C9C7A663-55BC-441B-9826-BB1F56736A55}.Release|Any CPU.ActiveCfg = Release|Any CPU
		{C9C7A663-55BC-441B-9826-BB1F56736A55}.Release|Any CPU.Build.0 = Release|Any CPU
		{05CC1748-9B7F-4273-8A51-C385A3C0190E}.Debug|Any CPU.ActiveCfg = Debug|Any CPU
		{05CC1748-9B7F-4273-8A51-C385A3C0190E}.Debug|Any CPU.Build.0 = Debug|Any CPU
		{05CC1748-9B7F-4273-8A51-C385A3C0190E}.Release|Any CPU.ActiveCfg = Release|Any CPU
		{05CC1748-9B7F-4273-8A51-C385A3C0190E}.Release|Any CPU.Build.0 = Release|Any CPU
		{CA94AC9E-FAC1-4D01-B1A1-286739F6A30C}.Debug|Any CPU.ActiveCfg = Debug|Any CPU
		{CA94AC9E-FAC1-4D01-B1A1-286739F6A30C}.Debug|Any CPU.Build.0 = Debug|Any CPU
		{CA94AC9E-FAC1-4D01-B1A1-286739F6A30C}.Release|Any CPU.ActiveCfg = Release|Any CPU
		{CA94AC9E-FAC1-4D01-B1A1-286739F6A30C}.Release|Any CPU.Build.0 = Release|Any CPU
		{18CF5797-B37B-4B3C-96A1-9E341DC945BB}.Debug|Any CPU.ActiveCfg = Debug|Any CPU
		{18CF5797-B37B-4B3C-96A1-9E341DC945BB}.Debug|Any CPU.Build.0 = Debug|Any CPU
		{18CF5797-B37B-4B3C-96A1-9E341DC945BB}.Release|Any CPU.ActiveCfg = Release|Any CPU
		{18CF5797-B37B-4B3C-96A1-9E341DC945BB}.Release|Any CPU.Build.0 = Release|Any CPU
		{2B9ECD95-4490-4A90-964B-731F4229C60E}.Debug|Any CPU.ActiveCfg = Debug|Any CPU
		{2B9ECD95-4490-4A90-964B-731F4229C60E}.Debug|Any CPU.Build.0 = Debug|Any CPU
		{2B9ECD95-4490-4A90-964B-731F4229C60E}.Release|Any CPU.ActiveCfg = Release|Any CPU
		{2B9ECD95-4490-4A90-964B-731F4229C60E}.Release|Any CPU.Build.0 = Release|Any CPU
		{37F96CBF-3B5F-4F35-BABE-F0ECEA319D30}.Debug|Any CPU.ActiveCfg = Debug|Any CPU
		{37F96CBF-3B5F-4F35-BABE-F0ECEA319D30}.Debug|Any CPU.Build.0 = Debug|Any CPU
		{37F96CBF-3B5F-4F35-BABE-F0ECEA319D30}.Release|Any CPU.ActiveCfg = Release|Any CPU
		{37F96CBF-3B5F-4F35-BABE-F0ECEA319D30}.Release|Any CPU.Build.0 = Release|Any CPU
		{99A60AB8-D194-4321-AEF9-CCEE5E60DC96}.Debug|Any CPU.ActiveCfg = Debug|Any CPU
		{99A60AB8-D194-4321-AEF9-CCEE5E60DC96}.Debug|Any CPU.Build.0 = Debug|Any CPU
		{99A60AB8-D194-4321-AEF9-CCEE5E60DC96}.Release|Any CPU.ActiveCfg = Release|Any CPU
		{99A60AB8-D194-4321-AEF9-CCEE5E60DC96}.Release|Any CPU.Build.0 = Release|Any CPU
		{CC1F0A6D-3F53-477E-B626-4F922D8D6D4B}.Debug|Any CPU.ActiveCfg = Debug|Any CPU
		{CC1F0A6D-3F53-477E-B626-4F922D8D6D4B}.Debug|Any CPU.Build.0 = Debug|Any CPU
		{CC1F0A6D-3F53-477E-B626-4F922D8D6D4B}.Release|Any CPU.ActiveCfg = Release|Any CPU
		{CC1F0A6D-3F53-477E-B626-4F922D8D6D4B}.Release|Any CPU.Build.0 = Release|Any CPU
		{75E8FB72-6A67-4283-9D3F-147161D4582B}.Debug|Any CPU.ActiveCfg = Debug|Any CPU
		{75E8FB72-6A67-4283-9D3F-147161D4582B}.Debug|Any CPU.Build.0 = Debug|Any CPU
		{75E8FB72-6A67-4283-9D3F-147161D4582B}.Release|Any CPU.ActiveCfg = Release|Any CPU
		{75E8FB72-6A67-4283-9D3F-147161D4582B}.Release|Any CPU.Build.0 = Release|Any CPU
		{B1C1D5E2-156F-435A-8D76-4683213E73C1}.Debug|Any CPU.ActiveCfg = Debug|Any CPU
		{B1C1D5E2-156F-435A-8D76-4683213E73C1}.Debug|Any CPU.Build.0 = Debug|Any CPU
		{B1C1D5E2-156F-435A-8D76-4683213E73C1}.Release|Any CPU.ActiveCfg = Release|Any CPU
		{B1C1D5E2-156F-435A-8D76-4683213E73C1}.Release|Any CPU.Build.0 = Release|Any CPU
		{D448D088-FF5C-4D4B-941E-895A386EF622}.Debug|Any CPU.ActiveCfg = Debug|Any CPU
		{D448D088-FF5C-4D4B-941E-895A386EF622}.Debug|Any CPU.Build.0 = Debug|Any CPU
		{D448D088-FF5C-4D4B-941E-895A386EF622}.Release|Any CPU.ActiveCfg = Release|Any CPU
		{D448D088-FF5C-4D4B-941E-895A386EF622}.Release|Any CPU.Build.0 = Release|Any CPU
		{5A452B75-D903-48A1-848E-F2E7CE866727}.Debug|Any CPU.ActiveCfg = Debug|Any CPU
		{5A452B75-D903-48A1-848E-F2E7CE866727}.Debug|Any CPU.Build.0 = Debug|Any CPU
		{5A452B75-D903-48A1-848E-F2E7CE866727}.Release|Any CPU.ActiveCfg = Release|Any CPU
		{5A452B75-D903-48A1-848E-F2E7CE866727}.Release|Any CPU.Build.0 = Release|Any CPU
		{0FA33702-156C-4C1B-B82C-B307015BBDF4}.Debug|Any CPU.ActiveCfg = Debug|Any CPU
		{0FA33702-156C-4C1B-B82C-B307015BBDF4}.Debug|Any CPU.Build.0 = Debug|Any CPU
		{0FA33702-156C-4C1B-B82C-B307015BBDF4}.Release|Any CPU.ActiveCfg = Release|Any CPU
		{0FA33702-156C-4C1B-B82C-B307015BBDF4}.Release|Any CPU.Build.0 = Release|Any CPU
		{7CFAC949-B33C-4ACD-BDC5-279FBEF9ED89}.Debug|Any CPU.ActiveCfg = Debug|Any CPU
		{7CFAC949-B33C-4ACD-BDC5-279FBEF9ED89}.Debug|Any CPU.Build.0 = Debug|Any CPU
		{7CFAC949-B33C-4ACD-BDC5-279FBEF9ED89}.Release|Any CPU.ActiveCfg = Release|Any CPU
		{7CFAC949-B33C-4ACD-BDC5-279FBEF9ED89}.Release|Any CPU.Build.0 = Release|Any CPU
		{2ADC6C77-D532-459C-B6D2-0E2F240103D4}.Debug|Any CPU.ActiveCfg = Debug|Any CPU
		{2ADC6C77-D532-459C-B6D2-0E2F240103D4}.Debug|Any CPU.Build.0 = Debug|Any CPU
		{2ADC6C77-D532-459C-B6D2-0E2F240103D4}.Release|Any CPU.ActiveCfg = Release|Any CPU
		{2ADC6C77-D532-459C-B6D2-0E2F240103D4}.Release|Any CPU.Build.0 = Release|Any CPU
		{D2FEA6D1-525E-47DD-BDB2-F0A1F67B02CD}.Debug|Any CPU.ActiveCfg = Debug|Any CPU
		{D2FEA6D1-525E-47DD-BDB2-F0A1F67B02CD}.Debug|Any CPU.Build.0 = Debug|Any CPU
		{D2FEA6D1-525E-47DD-BDB2-F0A1F67B02CD}.Release|Any CPU.ActiveCfg = Release|Any CPU
		{D2FEA6D1-525E-47DD-BDB2-F0A1F67B02CD}.Release|Any CPU.Build.0 = Release|Any CPU
		{958EA734-55BC-407D-89EA-9F312C0AD303}.Debug|Any CPU.ActiveCfg = Debug|Any CPU
		{958EA734-55BC-407D-89EA-9F312C0AD303}.Debug|Any CPU.Build.0 = Debug|Any CPU
		{958EA734-55BC-407D-89EA-9F312C0AD303}.Release|Any CPU.ActiveCfg = Release|Any CPU
		{958EA734-55BC-407D-89EA-9F312C0AD303}.Release|Any CPU.Build.0 = Release|Any CPU
		{A57080DE-D15A-4CD1-9CC3-D3F8F3BEF8C6}.Debug|Any CPU.ActiveCfg = Debug|Any CPU
		{A57080DE-D15A-4CD1-9CC3-D3F8F3BEF8C6}.Debug|Any CPU.Build.0 = Debug|Any CPU
		{A57080DE-D15A-4CD1-9CC3-D3F8F3BEF8C6}.Release|Any CPU.ActiveCfg = Release|Any CPU
		{A57080DE-D15A-4CD1-9CC3-D3F8F3BEF8C6}.Release|Any CPU.Build.0 = Release|Any CPU
		{A7E61AC8-D239-47FF-B3A8-EBC2CC723FC0}.Debug|Any CPU.ActiveCfg = Debug|Any CPU
		{A7E61AC8-D239-47FF-B3A8-EBC2CC723FC0}.Debug|Any CPU.Build.0 = Debug|Any CPU
		{A7E61AC8-D239-47FF-B3A8-EBC2CC723FC0}.Release|Any CPU.ActiveCfg = Release|Any CPU
		{A7E61AC8-D239-47FF-B3A8-EBC2CC723FC0}.Release|Any CPU.Build.0 = Release|Any CPU
		{48F42187-5E64-4D54-8D1A-0546F5BDFEAA}.Debug|Any CPU.ActiveCfg = Debug|Any CPU
		{48F42187-5E64-4D54-8D1A-0546F5BDFEAA}.Debug|Any CPU.Build.0 = Debug|Any CPU
		{48F42187-5E64-4D54-8D1A-0546F5BDFEAA}.Release|Any CPU.ActiveCfg = Release|Any CPU
		{48F42187-5E64-4D54-8D1A-0546F5BDFEAA}.Release|Any CPU.Build.0 = Release|Any CPU
		{C4665684-A3CB-4B82-AA1D-62443AE2911A}.Debug|Any CPU.ActiveCfg = Debug|Any CPU
		{C4665684-A3CB-4B82-AA1D-62443AE2911A}.Debug|Any CPU.Build.0 = Debug|Any CPU
		{C4665684-A3CB-4B82-AA1D-62443AE2911A}.Release|Any CPU.ActiveCfg = Release|Any CPU
		{C4665684-A3CB-4B82-AA1D-62443AE2911A}.Release|Any CPU.Build.0 = Release|Any CPU
		{EE6AB95E-283C-43E9-9103-7513F1E17E3C}.Debug|Any CPU.ActiveCfg = Debug|Any CPU
		{EE6AB95E-283C-43E9-9103-7513F1E17E3C}.Debug|Any CPU.Build.0 = Debug|Any CPU
		{EE6AB95E-283C-43E9-9103-7513F1E17E3C}.Release|Any CPU.ActiveCfg = Release|Any CPU
		{EE6AB95E-283C-43E9-9103-7513F1E17E3C}.Release|Any CPU.Build.0 = Release|Any CPU
		{1091E045-0115-45E1-8C45-3ABA68B5C7E2}.Debug|Any CPU.ActiveCfg = Debug|Any CPU
		{1091E045-0115-45E1-8C45-3ABA68B5C7E2}.Debug|Any CPU.Build.0 = Debug|Any CPU
		{1091E045-0115-45E1-8C45-3ABA68B5C7E2}.Release|Any CPU.ActiveCfg = Release|Any CPU
		{1091E045-0115-45E1-8C45-3ABA68B5C7E2}.Release|Any CPU.Build.0 = Release|Any CPU
		{084E3960-0072-4FC5-952A-CD015C8719A5}.Debug|Any CPU.ActiveCfg = Debug|Any CPU
		{084E3960-0072-4FC5-952A-CD015C8719A5}.Debug|Any CPU.Build.0 = Debug|Any CPU
		{084E3960-0072-4FC5-952A-CD015C8719A5}.Release|Any CPU.ActiveCfg = Release|Any CPU
		{084E3960-0072-4FC5-952A-CD015C8719A5}.Release|Any CPU.Build.0 = Release|Any CPU
		{F5627FF5-A19B-444E-AE5B-562BD317B8DA}.Debug|Any CPU.ActiveCfg = Debug|Any CPU
		{F5627FF5-A19B-444E-AE5B-562BD317B8DA}.Debug|Any CPU.Build.0 = Debug|Any CPU
		{F5627FF5-A19B-444E-AE5B-562BD317B8DA}.Release|Any CPU.ActiveCfg = Release|Any CPU
		{F5627FF5-A19B-444E-AE5B-562BD317B8DA}.Release|Any CPU.Build.0 = Release|Any CPU
		{77BFD9A2-C0DF-4EAC-A38C-B4BF9221BA32}.Debug|Any CPU.ActiveCfg = Debug|Any CPU
		{77BFD9A2-C0DF-4EAC-A38C-B4BF9221BA32}.Debug|Any CPU.Build.0 = Debug|Any CPU
		{77BFD9A2-C0DF-4EAC-A38C-B4BF9221BA32}.Release|Any CPU.ActiveCfg = Release|Any CPU
		{77BFD9A2-C0DF-4EAC-A38C-B4BF9221BA32}.Release|Any CPU.Build.0 = Release|Any CPU
		{2638F80D-39B0-44A0-984B-E90F87162931}.Debug|Any CPU.ActiveCfg = Debug|Any CPU
		{2638F80D-39B0-44A0-984B-E90F87162931}.Debug|Any CPU.Build.0 = Debug|Any CPU
		{2638F80D-39B0-44A0-984B-E90F87162931}.Release|Any CPU.ActiveCfg = Release|Any CPU
		{2638F80D-39B0-44A0-984B-E90F87162931}.Release|Any CPU.Build.0 = Release|Any CPU
		{D255345F-8412-468A-A209-D35ADFCD9C04}.Debug|Any CPU.ActiveCfg = Debug|Any CPU
		{D255345F-8412-468A-A209-D35ADFCD9C04}.Debug|Any CPU.Build.0 = Debug|Any CPU
		{D255345F-8412-468A-A209-D35ADFCD9C04}.Release|Any CPU.ActiveCfg = Release|Any CPU
		{D255345F-8412-468A-A209-D35ADFCD9C04}.Release|Any CPU.Build.0 = Release|Any CPU
		{BB1F27FA-2339-4279-BE5A-07310D6FA6E7}.Debug|Any CPU.ActiveCfg = Debug|Any CPU
		{BB1F27FA-2339-4279-BE5A-07310D6FA6E7}.Debug|Any CPU.Build.0 = Debug|Any CPU
		{BB1F27FA-2339-4279-BE5A-07310D6FA6E7}.Release|Any CPU.ActiveCfg = Release|Any CPU
		{BB1F27FA-2339-4279-BE5A-07310D6FA6E7}.Release|Any CPU.Build.0 = Release|Any CPU
		{BBF498C9-6A8E-43A8-A329-189A79ECA0A8}.Debug|Any CPU.ActiveCfg = Debug|Any CPU
		{BBF498C9-6A8E-43A8-A329-189A79ECA0A8}.Debug|Any CPU.Build.0 = Debug|Any CPU
		{BBF498C9-6A8E-43A8-A329-189A79ECA0A8}.Release|Any CPU.ActiveCfg = Release|Any CPU
		{BBF498C9-6A8E-43A8-A329-189A79ECA0A8}.Release|Any CPU.Build.0 = Release|Any CPU
		{55EB689A-E7EC-4D9F-A5BF-23469293CBD5}.Debug|Any CPU.ActiveCfg = Debug|Any CPU
		{55EB689A-E7EC-4D9F-A5BF-23469293CBD5}.Debug|Any CPU.Build.0 = Debug|Any CPU
		{55EB689A-E7EC-4D9F-A5BF-23469293CBD5}.Release|Any CPU.ActiveCfg = Release|Any CPU
		{55EB689A-E7EC-4D9F-A5BF-23469293CBD5}.Release|Any CPU.Build.0 = Release|Any CPU
		{1692CD31-72AF-4446-852A-F1A83D7E64E1}.Debug|Any CPU.ActiveCfg = Debug|Any CPU
		{1692CD31-72AF-4446-852A-F1A83D7E64E1}.Debug|Any CPU.Build.0 = Debug|Any CPU
		{1692CD31-72AF-4446-852A-F1A83D7E64E1}.Release|Any CPU.ActiveCfg = Release|Any CPU
		{1692CD31-72AF-4446-852A-F1A83D7E64E1}.Release|Any CPU.Build.0 = Release|Any CPU
		{D5FBD219-102A-4D00-B2CB-6A4D7F919C79}.Debug|Any CPU.ActiveCfg = Debug|Any CPU
		{D5FBD219-102A-4D00-B2CB-6A4D7F919C79}.Debug|Any CPU.Build.0 = Debug|Any CPU
		{D5FBD219-102A-4D00-B2CB-6A4D7F919C79}.Release|Any CPU.ActiveCfg = Release|Any CPU
		{D5FBD219-102A-4D00-B2CB-6A4D7F919C79}.Release|Any CPU.Build.0 = Release|Any CPU
		{591CF975-7687-4413-80BF-6D8CE3545195}.Debug|Any CPU.ActiveCfg = Debug|Any CPU
		{591CF975-7687-4413-80BF-6D8CE3545195}.Debug|Any CPU.Build.0 = Debug|Any CPU
		{591CF975-7687-4413-80BF-6D8CE3545195}.Release|Any CPU.ActiveCfg = Release|Any CPU
		{591CF975-7687-4413-80BF-6D8CE3545195}.Release|Any CPU.Build.0 = Release|Any CPU
		{9A88D6BE-62F7-4E48-B47C-A515B28C5FD3}.Debug|Any CPU.ActiveCfg = Debug|Any CPU
		{9A88D6BE-62F7-4E48-B47C-A515B28C5FD3}.Debug|Any CPU.Build.0 = Debug|Any CPU
		{9A88D6BE-62F7-4E48-B47C-A515B28C5FD3}.Release|Any CPU.ActiveCfg = Release|Any CPU
		{9A88D6BE-62F7-4E48-B47C-A515B28C5FD3}.Release|Any CPU.Build.0 = Release|Any CPU
		{64F59C54-1A3B-4470-A834-1A2F3F406800}.Debug|Any CPU.ActiveCfg = Debug|Any CPU
		{64F59C54-1A3B-4470-A834-1A2F3F406800}.Debug|Any CPU.Build.0 = Debug|Any CPU
		{64F59C54-1A3B-4470-A834-1A2F3F406800}.Release|Any CPU.ActiveCfg = Release|Any CPU
		{64F59C54-1A3B-4470-A834-1A2F3F406800}.Release|Any CPU.Build.0 = Release|Any CPU
		{D7181378-2E35-46EB-BDA8-627FFD0A0B55}.Debug|Any CPU.ActiveCfg = Debug|Any CPU
		{D7181378-2E35-46EB-BDA8-627FFD0A0B55}.Debug|Any CPU.Build.0 = Debug|Any CPU
		{D7181378-2E35-46EB-BDA8-627FFD0A0B55}.Release|Any CPU.ActiveCfg = Release|Any CPU
		{D7181378-2E35-46EB-BDA8-627FFD0A0B55}.Release|Any CPU.Build.0 = Release|Any CPU
		{2D6D6056-BFF0-46D6-AD00-7D8F7D8226E4}.Debug|Any CPU.ActiveCfg = Debug|Any CPU
		{2D6D6056-BFF0-46D6-AD00-7D8F7D8226E4}.Debug|Any CPU.Build.0 = Debug|Any CPU
		{2D6D6056-BFF0-46D6-AD00-7D8F7D8226E4}.Release|Any CPU.ActiveCfg = Release|Any CPU
		{2D6D6056-BFF0-46D6-AD00-7D8F7D8226E4}.Release|Any CPU.Build.0 = Release|Any CPU
		{EAD62D08-9AD1-4717-97EA-03F283829286}.Debug|Any CPU.ActiveCfg = Debug|Any CPU
		{EAD62D08-9AD1-4717-97EA-03F283829286}.Debug|Any CPU.Build.0 = Debug|Any CPU
		{EAD62D08-9AD1-4717-97EA-03F283829286}.Release|Any CPU.ActiveCfg = Release|Any CPU
		{EAD62D08-9AD1-4717-97EA-03F283829286}.Release|Any CPU.Build.0 = Release|Any CPU
		{AF2D0B91-5D46-4CBA-8D10-5D355A1A02CA}.Debug|Any CPU.ActiveCfg = Debug|Any CPU
		{AF2D0B91-5D46-4CBA-8D10-5D355A1A02CA}.Debug|Any CPU.Build.0 = Debug|Any CPU
		{AF2D0B91-5D46-4CBA-8D10-5D355A1A02CA}.Release|Any CPU.ActiveCfg = Release|Any CPU
		{AF2D0B91-5D46-4CBA-8D10-5D355A1A02CA}.Release|Any CPU.Build.0 = Release|Any CPU
		{7FEBB066-A085-4737-9F54-EFD633362327}.Debug|Any CPU.ActiveCfg = Debug|Any CPU
		{7FEBB066-A085-4737-9F54-EFD633362327}.Debug|Any CPU.Build.0 = Debug|Any CPU
		{7FEBB066-A085-4737-9F54-EFD633362327}.Release|Any CPU.ActiveCfg = Release|Any CPU
		{7FEBB066-A085-4737-9F54-EFD633362327}.Release|Any CPU.Build.0 = Release|Any CPU
		{7765CED6-5F86-4857-838F-92B32F08FFAB}.Debug|Any CPU.ActiveCfg = Debug|Any CPU
		{7765CED6-5F86-4857-838F-92B32F08FFAB}.Debug|Any CPU.Build.0 = Debug|Any CPU
		{7765CED6-5F86-4857-838F-92B32F08FFAB}.Release|Any CPU.ActiveCfg = Release|Any CPU
		{7765CED6-5F86-4857-838F-92B32F08FFAB}.Release|Any CPU.Build.0 = Release|Any CPU
		{D15DE2D9-2BFA-444B-B9AB-BF903EE0888C}.Debug|Any CPU.ActiveCfg = Debug|Any CPU
		{D15DE2D9-2BFA-444B-B9AB-BF903EE0888C}.Debug|Any CPU.Build.0 = Debug|Any CPU
		{D15DE2D9-2BFA-444B-B9AB-BF903EE0888C}.Release|Any CPU.ActiveCfg = Release|Any CPU
		{D15DE2D9-2BFA-444B-B9AB-BF903EE0888C}.Release|Any CPU.Build.0 = Release|Any CPU
		{26CBF2A1-CCB2-4D48-BEAB-00AE972AFEB7}.Debug|Any CPU.ActiveCfg = Debug|Any CPU
		{26CBF2A1-CCB2-4D48-BEAB-00AE972AFEB7}.Debug|Any CPU.Build.0 = Debug|Any CPU
		{26CBF2A1-CCB2-4D48-BEAB-00AE972AFEB7}.Release|Any CPU.ActiveCfg = Release|Any CPU
		{26CBF2A1-CCB2-4D48-BEAB-00AE972AFEB7}.Release|Any CPU.Build.0 = Release|Any CPU
		{21EF7552-DFD5-4435-B284-B6AEF29A4A70}.Debug|Any CPU.ActiveCfg = Debug|Any CPU
		{21EF7552-DFD5-4435-B284-B6AEF29A4A70}.Debug|Any CPU.Build.0 = Debug|Any CPU
		{21EF7552-DFD5-4435-B284-B6AEF29A4A70}.Release|Any CPU.ActiveCfg = Release|Any CPU
		{21EF7552-DFD5-4435-B284-B6AEF29A4A70}.Release|Any CPU.Build.0 = Release|Any CPU
	EndGlobalSection
	GlobalSection(SolutionProperties) = preSolution
		HideSolutionNode = FALSE
	EndGlobalSection
	GlobalSection(ExtensibilityGlobals) = postSolution
		SolutionGuid = {3229C01E-D70F-439A-83AC-C3F483781CAD}
	EndGlobalSection
EndGlobal
